
Microsoft Visual Studio Solution File, Format Version 12.00
Project("{2150E333-8FDC-42A3-9474-1A3956D46DE8}") = "SolutionItems", "SolutionItems", "{3B0E76A3-35F6-44C4-99AF-4F4F58530102}"
	ProjectSection(SolutionItems) = preProject
		.gitignore = .gitignore
	EndProjectSection
EndProject
Project("{2150E333-8FDC-42A3-9474-1A3956D46DE8}") = "src", "src", "{65DCB8CA-146D-429A-9D4B-68410668890C}"
EndProject
Project("{2150E333-8FDC-42A3-9474-1A3956D46DE8}") = "tests", "tests", "{7B3F5F1B-44A5-45D3-B118-BD1DA6B04422}"
EndProject
Project("{FAE04EC0-301F-11D3-BF4B-00C04F79EFBC}") = "DotnetDevkit.Cache", "src\Cache\DotnetDevkit.Cache\DotnetDevkit.Cache.csproj", "{362B5225-0B43-4112-8A77-7E9FD16E4264}"
EndProject
Project("{2150E333-8FDC-42A3-9474-1A3956D46DE8}") = "Cache", "Cache", "{2486BCB8-D3D8-4572-B9D9-2AF3001CD863}"
EndProject
Project("{FAE04EC0-301F-11D3-BF4B-00C04F79EFBC}") = "DotnetDevkit.Cache.Abstractions", "src\Cache\DotnetDevkit.Cache.Abstractions\DotnetDevkit.Cache.Abstractions.csproj", "{3E77C1DE-8292-4F58-9CB5-4313EC4FEC8C}"
EndProject
Project("{FAE04EC0-301F-11D3-BF4B-00C04F79EFBC}") = "DotnetDevkit.Cache.Test", "tests\DotnetDevkit.Cache.Test\DotnetDevkit.Cache.Test.csproj", "{E780E919-DD7D-43BE-8DE5-0EAE7E9EADE2}"
EndProject
Project("{2150E333-8FDC-42A3-9474-1A3956D46DE8}") = "Github", "Github", "{45431C2D-CDB5-4DF4-8B4A-C10AC47AB054}"
EndProject
Project("{2150E333-8FDC-42A3-9474-1A3956D46DE8}") = "Workflows", "Workflows", "{49312992-B0E2-4D6E-AE45-9063E29A5BC8}"
	ProjectSection(SolutionItems) = preProject
		.github\workflows\nuget-publish-template.yml = .github\workflows\nuget-publish-template.yml
		.github\workflows\publish-cache-abstractions.yml = .github\workflows\publish-cache-abstractions.yml
		.github\workflows\publish_cache.yml = .github\workflows\publish_cache.yml
	EndProjectSection
EndProject
Project("{2150E333-8FDC-42A3-9474-1A3956D46DE8}") = "Mediator", "Mediator", "{0FF38714-4611-4E9A-A99C-F01AA4B94C29}"
EndProject
Project("{FAE04EC0-301F-11D3-BF4B-00C04F79EFBC}") = "DotnetDevkit.Mediator.Common", "src\Mediator\DotnetDevkit.Mediator.Common\DotnetDevkit.Mediator.Common.csproj", "{98F90D11-15C9-49B4-90CB-E6D654A73457}"
EndProject
Project("{FAE04EC0-301F-11D3-BF4B-00C04F79EFBC}") = "WebApplication1", "src\Mediator\WebApplication1\WebApplication1.csproj", "{BCD76072-FE8A-48BC-ACA5-441275EBBB97}"
EndProject
Global
	GlobalSection(SolutionConfigurationPlatforms) = preSolution
		Debug|Any CPU = Debug|Any CPU
		Release|Any CPU = Release|Any CPU
	EndGlobalSection
	GlobalSection(NestedProjects) = preSolution
		{2486BCB8-D3D8-4572-B9D9-2AF3001CD863} = {65DCB8CA-146D-429A-9D4B-68410668890C}
		{362B5225-0B43-4112-8A77-7E9FD16E4264} = {2486BCB8-D3D8-4572-B9D9-2AF3001CD863}
		{3E77C1DE-8292-4F58-9CB5-4313EC4FEC8C} = {2486BCB8-D3D8-4572-B9D9-2AF3001CD863}
		{E780E919-DD7D-43BE-8DE5-0EAE7E9EADE2} = {7B3F5F1B-44A5-45D3-B118-BD1DA6B04422}
		{45431C2D-CDB5-4DF4-8B4A-C10AC47AB054} = {3B0E76A3-35F6-44C4-99AF-4F4F58530102}
		{49312992-B0E2-4D6E-AE45-9063E29A5BC8} = {45431C2D-CDB5-4DF4-8B4A-C10AC47AB054}
		{0FF38714-4611-4E9A-A99C-F01AA4B94C29} = {65DCB8CA-146D-429A-9D4B-68410668890C}
		{98F90D11-15C9-49B4-90CB-E6D654A73457} = {0FF38714-4611-4E9A-A99C-F01AA4B94C29}
		{BCD76072-FE8A-48BC-ACA5-441275EBBB97} = {0FF38714-4611-4E9A-A99C-F01AA4B94C29}
	EndGlobalSection
	GlobalSection(ProjectConfigurationPlatforms) = postSolution
		{362B5225-0B43-4112-8A77-7E9FD16E4264}.Debug|Any CPU.ActiveCfg = Debug|Any CPU
		{362B5225-0B43-4112-8A77-7E9FD16E4264}.Debug|Any CPU.Build.0 = Debug|Any CPU
		{362B5225-0B43-4112-8A77-7E9FD16E4264}.Release|Any CPU.ActiveCfg = Release|Any CPU
		{362B5225-0B43-4112-8A77-7E9FD16E4264}.Release|Any CPU.Build.0 = Release|Any CPU
		{3E77C1DE-8292-4F58-9CB5-4313EC4FEC8C}.Debug|Any CPU.ActiveCfg = Debug|Any CPU
		{3E77C1DE-8292-4F58-9CB5-4313EC4FEC8C}.Debug|Any CPU.Build.0 = Debug|Any CPU
		{3E77C1DE-8292-4F58-9CB5-4313EC4FEC8C}.Release|Any CPU.ActiveCfg = Release|Any CPU
		{3E77C1DE-8292-4F58-9CB5-4313EC4FEC8C}.Release|Any CPU.Build.0 = Release|Any CPU
		{E780E919-DD7D-43BE-8DE5-0EAE7E9EADE2}.Debug|Any CPU.ActiveCfg = Debug|Any CPU
		{E780E919-DD7D-43BE-8DE5-0EAE7E9EADE2}.Debug|Any CPU.Build.0 = Debug|Any CPU
		{E780E919-DD7D-43BE-8DE5-0EAE7E9EADE2}.Release|Any CPU.ActiveCfg = Release|Any CPU
		{E780E919-DD7D-43BE-8DE5-0EAE7E9EADE2}.Release|Any CPU.Build.0 = Release|Any CPU
		{98F90D11-15C9-49B4-90CB-E6D654A73457}.Debug|Any CPU.ActiveCfg = Debug|Any CPU
		{98F90D11-15C9-49B4-90CB-E6D654A73457}.Debug|Any CPU.Build.0 = Debug|Any CPU
		{98F90D11-15C9-49B4-90CB-E6D654A73457}.Release|Any CPU.ActiveCfg = Release|Any CPU
		{98F90D11-15C9-49B4-90CB-E6D654A73457}.Release|Any CPU.Build.0 = Release|Any CPU
		{BCD76072-FE8A-48BC-ACA5-441275EBBB97}.Debug|Any CPU.ActiveCfg = Debug|Any CPU
		{BCD76072-FE8A-48BC-ACA5-441275EBBB97}.Debug|Any CPU.Build.0 = Debug|Any CPU
		{BCD76072-FE8A-48BC-ACA5-441275EBBB97}.Release|Any CPU.ActiveCfg = Release|Any CPU
		{BCD76072-FE8A-48BC-ACA5-441275EBBB97}.Release|Any CPU.Build.0 = Release|Any CPU
	EndGlobalSection
EndGlobal
